
Microsoft Visual Studio Solution File, Format Version 12.00
# Visual Studio Version 16
VisualStudioVersion = 16.0.31702.278
MinimumVisualStudioVersion = 10.0.40219.1
Project("{FAE04EC0-301F-11D3-BF4B-00C04F79EFBC}") = "portrait3d", "portrait3d\portrait3d.csproj", "{131515DC-C993-461C-9F1E-027F23BD9FAD}"
EndProject
Global
	GlobalSection(SolutionConfigurationPlatforms) = preSolution
		Debug|Any CPU = Debug|Any CPU
		Release|Any CPU = Release|Any CPU
	EndGlobalSection
	GlobalSection(ProjectConfigurationPlatforms) = postSolution
		{131515DC-C993-461C-9F1E-027F23BD9FAD}.Debug|Any CPU.ActiveCfg = Debug|Any CPU
		{131515DC-C993-461C-9F1E-027F23BD9FAD}.Debug|Any CPU.Build.0 = Debug|Any CPU
		{131515DC-C993-461C-9F1E-027F23BD9FAD}.Release|Any CPU.ActiveCfg = Release|Any CPU
		{131515DC-C993-461C-9F1E-027F23BD9FAD}.Release|Any CPU.Build.0 = Release|Any CPU
	EndGlobalSection
	GlobalSection(SolutionProperties) = preSolution
		HideSolutionNode = FALSE
	EndGlobalSection
	GlobalSection(ExtensibilityGlobals) = postSolution
		SolutionGuid = {E21FCE1A-4072-4D8E-8F55-96CC1205EE51}
	EndGlobalSection
EndGlobal
